
Microsoft Visual Studio Solution File, Format Version 12.00
# Visual Studio Version 17
VisualStudioVersion = 17.4.33110.190
MinimumVisualStudioVersion = 10.0.40219.1
Project("{FAE04EC0-301F-11D3-BF4B-00C04F79EFBC}") = "AreasWithAuth.Web", "AreasWithAuth.Web\AreasWithAuth.Web.csproj", "{C063BE36-76A3-4156-B94A-5815B2E74C31}"
EndProject
Project("{FAE04EC0-301F-11D3-BF4B-00C04F79EFBC}") = "AreasWithAuth.Models", "AreasWithAuth.Models\AreasWithAuth.Models.csproj", "{33C62E82-9A94-4276-8E0C-D3E68F50B579}"
EndProject
Project("{FAE04EC0-301F-11D3-BF4B-00C04F79EFBC}") = "AreasWithAuth.Data", "AreasWithAuth.Data\AreasWithAuth.Data.csproj", "{2A95E5B5-14BB-4207-867C-C26C723D138D}"
EndProject
Global
	GlobalSection(SolutionConfigurationPlatforms) = preSolution
		Debug|Any CPU = Debug|Any CPU
		Release|Any CPU = Release|Any CPU
	EndGlobalSection
	GlobalSection(ProjectConfigurationPlatforms) = postSolution
		{C063BE36-76A3-4156-B94A-5815B2E74C31}.Debug|Any CPU.ActiveCfg = Debug|Any CPU
		{C063BE36-76A3-4156-B94A-5815B2E74C31}.Debug|Any CPU.Build.0 = Debug|Any CPU
		{C063BE36-76A3-4156-B94A-5815B2E74C31}.Release|Any CPU.ActiveCfg = Release|Any CPU
		{C063BE36-76A3-4156-B94A-5815B2E74C31}.Release|Any CPU.Build.0 = Release|Any CPU
		{33C62E82-9A94-4276-8E0C-D3E68F50B579}.Debug|Any CPU.ActiveCfg = Debug|Any CPU
		{33C62E82-9A94-4276-8E0C-D3E68F50B579}.Debug|Any CPU.Build.0 = Debug|Any CPU
		{33C62E82-9A94-4276-8E0C-D3E68F50B579}.Release|Any CPU.ActiveCfg = Release|Any CPU
		{33C62E82-9A94-4276-8E0C-D3E68F50B579}.Release|Any CPU.Build.0 = Release|Any CPU
		{2A95E5B5-14BB-4207-867C-C26C723D138D}.Debug|Any CPU.ActiveCfg = Debug|Any CPU
		{2A95E5B5-14BB-4207-867C-C26C723D138D}.Debug|Any CPU.Build.0 = Debug|Any CPU
		{2A95E5B5-14BB-4207-867C-C26C723D138D}.Release|Any CPU.ActiveCfg = Release|Any CPU
		{2A95E5B5-14BB-4207-867C-C26C723D138D}.Release|Any CPU.Build.0 = Release|Any CPU
	EndGlobalSection
	GlobalSection(SolutionProperties) = preSolution
		HideSolutionNode = FALSE
	EndGlobalSection
	GlobalSection(ExtensibilityGlobals) = postSolution
		SolutionGuid = {3279D2F1-DEBD-4556-B4A3-F0506C89A1CB}
	EndGlobalSection
EndGlobal
